// !$*UTF8*$!
{
	archiveVersion = 1;
	classes = {
	};
	objectVersion = 56;
	objects = {

/* Begin PBXBuildFile section */
		EB2B8F342BD2A5240024E485 /* AppDelegate.swift in Sources */ = {isa = PBXBuildFile; fileRef = EB2B8F332BD2A5240024E485 /* AppDelegate.swift */; };
		EB2B8F3D2BD2A5250024E485 /* Assets.xcassets in Resources */ = {isa = PBXBuildFile; fileRef = EB2B8F3C2BD2A5250024E485 /* Assets.xcassets */; };
		EB2B8F402BD2A5250024E485 /* Base in Resources */ = {isa = PBXBuildFile; fileRef = EB2B8F3F2BD2A5250024E485 /* Base */; };
		EB2B8F4A2BD2A5630024E485 /* Observable.swift in Sources */ = {isa = PBXBuildFile; fileRef = EB2B8F492BD2A5630024E485 /* Observable.swift */; };
		EB2B8F4C2BD2A5720024E485 /* SessionDelegate.swift in Sources */ = {isa = PBXBuildFile; fileRef = EB2B8F4B2BD2A5720024E485 /* SessionDelegate.swift */; };
		EB2B8F4E2BD2A5850024E485 /* UIView+Border.swift in Sources */ = {isa = PBXBuildFile; fileRef = EB2B8F4D2BD2A5850024E485 /* UIView+Border.swift */; };
		EB2B8F502BD2A5940024E485 /* UIView+Round.swift in Sources */ = {isa = PBXBuildFile; fileRef = EB2B8F4F2BD2A5940024E485 /* UIView+Round.swift */; };
		EB2B8F542BD2A5B90024E485 /* WelcomeViewController.swift in Sources */ = {isa = PBXBuildFile; fileRef = EB2B8F532BD2A5B90024E485 /* WelcomeViewController.swift */; };
/* End PBXBuildFile section */

/* Begin PBXFileReference section */
		EB2B8F302BD2A5240024E485 /* E-book.app */ = {isa = PBXFileReference; explicitFileType = wrapper.application; includeInIndex = 0; path = "E-book.app"; sourceTree = BUILT_PRODUCTS_DIR; };
		EB2B8F332BD2A5240024E485 /* AppDelegate.swift */ = {isa = PBXFileReference; lastKnownFileType = sourcecode.swift; path = AppDelegate.swift; sourceTree = "<group>"; };
		EB2B8F3C2BD2A5250024E485 /* Assets.xcassets */ = {isa = PBXFileReference; lastKnownFileType = folder.assetcatalog; path = Assets.xcassets; sourceTree = "<group>"; };
		EB2B8F3F2BD2A5250024E485 /* Base */ = {isa = PBXFileReference; lastKnownFileType = file.storyboard; name = Base; path = Base.lproj/LaunchScreen.storyboard; sourceTree = "<group>"; };
		EB2B8F412BD2A5250024E485 /* Info.plist */ = {isa = PBXFileReference; lastKnownFileType = text.plist.xml; path = Info.plist; sourceTree = "<group>"; };
		EB2B8F492BD2A5630024E485 /* Observable.swift */ = {isa = PBXFileReference; lastKnownFileType = sourcecode.swift; path = Observable.swift; sourceTree = "<group>"; };
		EB2B8F4B2BD2A5720024E485 /* SessionDelegate.swift */ = {isa = PBXFileReference; lastKnownFileType = sourcecode.swift; path = SessionDelegate.swift; sourceTree = "<group>"; };
		EB2B8F4D2BD2A5850024E485 /* UIView+Border.swift */ = {isa = PBXFileReference; lastKnownFileType = sourcecode.swift; path = "UIView+Border.swift"; sourceTree = "<group>"; };
		EB2B8F4F2BD2A5940024E485 /* UIView+Round.swift */ = {isa = PBXFileReference; lastKnownFileType = sourcecode.swift; path = "UIView+Round.swift"; sourceTree = "<group>"; };
		EB2B8F532BD2A5B90024E485 /* WelcomeViewController.swift */ = {isa = PBXFileReference; lastKnownFileType = sourcecode.swift; path = WelcomeViewController.swift; sourceTree = "<group>"; };
/* End PBXFileReference section */

/* Begin PBXFrameworksBuildPhase section */
		EB2B8F2D2BD2A5240024E485 /* Frameworks */ = {
			isa = PBXFrameworksBuildPhase;
			buildActionMask = 2147483647;
			files = (
			);
			runOnlyForDeploymentPostprocessing = 0;
		};
/* End PBXFrameworksBuildPhase section */

/* Begin PBXGroup section */
		EB2B8F272BD2A5240024E485 = {
			isa = PBXGroup;
			children = (
				EB2B8F322BD2A5240024E485 /* E-book */,
				EB2B8F312BD2A5240024E485 /* Products */,
			);
			sourceTree = "<group>";
		};
		EB2B8F312BD2A5240024E485 /* Products */ = {
			isa = PBXGroup;
			children = (
				EB2B8F302BD2A5240024E485 /* E-book.app */,
			);
			name = Products;
			sourceTree = "<group>";
		};
		EB2B8F322BD2A5240024E485 /* E-book */ = {
			isa = PBXGroup;
			children = (
				EB2B8F512BD2A5A90024E485 /* Scenes */,
				EB2B8F482BD2A5430024E485 /* Extensions */,
				EB2B8F472BD2A52C0024E485 /* Resources */,
				EB2B8F412BD2A5250024E485 /* Info.plist */,
			);
			path = "E-book";
			sourceTree = "<group>";
		};
		EB2B8F472BD2A52C0024E485 /* Resources */ = {
			isa = PBXGroup;
			children = (
				EB2B8F332BD2A5240024E485 /* AppDelegate.swift */,
				EB2B8F3C2BD2A5250024E485 /* Assets.xcassets */,
				EB2B8F3E2BD2A5250024E485 /* LaunchScreen.storyboard */,
			);
			path = Resources;
			sourceTree = "<group>";
		};
		EB2B8F482BD2A5430024E485 /* Extensions */ = {
			isa = PBXGroup;
			children = (
				EB2B8F492BD2A5630024E485 /* Observable.swift */,
				EB2B8F4B2BD2A5720024E485 /* SessionDelegate.swift */,
				EB2B8F4D2BD2A5850024E485 /* UIView+Border.swift */,
				EB2B8F4F2BD2A5940024E485 /* UIView+Round.swift */,
			);
			path = Extensions;
			sourceTree = "<group>";
		};
		EB2B8F512BD2A5A90024E485 /* Scenes */ = {
			isa = PBXGroup;
			children = (
				EB2B8F522BD2A5B20024E485 /* Welcome */,
			);
			path = Scenes;
			sourceTree = "<group>";
		};
		EB2B8F522BD2A5B20024E485 /* Welcome */ = {
			isa = PBXGroup;
			children = (
				EB2B8F532BD2A5B90024E485 /* WelcomeViewController.swift */,
			);
			path = Welcome;
			sourceTree = "<group>";
		};
/* End PBXGroup section */

/* Begin PBXNativeTarget section */
		EB2B8F2F2BD2A5240024E485 /* E-book */ = {
			isa = PBXNativeTarget;
			buildConfigurationList = EB2B8F442BD2A5250024E485 /* Build configuration list for PBXNativeTarget "E-book" */;
			buildPhases = (
				EB2B8F2C2BD2A5240024E485 /* Sources */,
				EB2B8F2D2BD2A5240024E485 /* Frameworks */,
				EB2B8F2E2BD2A5240024E485 /* Resources */,
			);
			buildRules = (
			);
			dependencies = (
			);
			name = "E-book";
			productName = "E-book";
			productReference = EB2B8F302BD2A5240024E485 /* E-book.app */;
			productType = "com.apple.product-type.application";
		};
/* End PBXNativeTarget section */

/* Begin PBXProject section */
		EB2B8F282BD2A5240024E485 /* Project object */ = {
			isa = PBXProject;
			attributes = {
				BuildIndependentTargetsInParallel = 1;
				LastSwiftUpdateCheck = 1530;
				LastUpgradeCheck = 1530;
				TargetAttributes = {
					EB2B8F2F2BD2A5240024E485 = {
						CreatedOnToolsVersion = 15.3;
					};
				};
			};
			buildConfigurationList = EB2B8F2B2BD2A5240024E485 /* Build configuration list for PBXProject "E-book" */;
			compatibilityVersion = "Xcode 14.0";
			developmentRegion = en;
			hasScannedForEncodings = 0;
			knownRegions = (
				en,
				Base,
			);
			mainGroup = EB2B8F272BD2A5240024E485;
			productRefGroup = EB2B8F312BD2A5240024E485 /* Products */;
			projectDirPath = "";
			projectRoot = "";
			targets = (
				EB2B8F2F2BD2A5240024E485 /* E-book */,
			);
		};
/* End PBXProject section */

/* Begin PBXResourcesBuildPhase section */
		EB2B8F2E2BD2A5240024E485 /* Resources */ = {
			isa = PBXResourcesBuildPhase;
			buildActionMask = 2147483647;
			files = (
				EB2B8F3D2BD2A5250024E485 /* Assets.xcassets in Resources */,
				EB2B8F402BD2A5250024E485 /* Base in Resources */,
			);
			runOnlyForDeploymentPostprocessing = 0;
		};
/* End PBXResourcesBuildPhase section */

/* Begin PBXSourcesBuildPhase section */
		EB2B8F2C2BD2A5240024E485 /* Sources */ = {
			isa = PBXSourcesBuildPhase;
			buildActionMask = 2147483647;
			files = (
				EB2B8F502BD2A5940024E485 /* UIView+Round.swift in Sources */,
				EB2B8F4E2BD2A5850024E485 /* UIView+Border.swift in Sources */,
				EB2B8F4C2BD2A5720024E485 /* SessionDelegate.swift in Sources */,
				EB2B8F542BD2A5B90024E485 /* WelcomeViewController.swift in Sources */,
				EB2B8F4A2BD2A5630024E485 /* Observable.swift in Sources */,
				EB2B8F342BD2A5240024E485 /* AppDelegate.swift in Sources */,
			);
			runOnlyForDeploymentPostprocessing = 0;
		};
/* End PBXSourcesBuildPhase section */

/* Begin PBXVariantGroup section */
		EB2B8F3E2BD2A5250024E485 /* LaunchScreen.storyboard */ = {
			isa = PBXVariantGroup;
			children = (
				EB2B8F3F2BD2A5250024E485 /* Base */,
			);
			name = LaunchScreen.storyboard;
			sourceTree = "<group>";
		};
/* End PBXVariantGroup section */

/* Begin XCBuildConfiguration section */
		EB2B8F422BD2A5250024E485 /* Debug */ = {
			isa = XCBuildConfiguration;
			buildSettings = {
				ALWAYS_SEARCH_USER_PATHS = NO;
				ASSETCATALOG_COMPILER_GENERATE_SWIFT_ASSET_SYMBOL_EXTENSIONS = YES;
				CLANG_ANALYZER_NONNULL = YES;
				CLANG_ANALYZER_NUMBER_OBJECT_CONVERSION = YES_AGGRESSIVE;
				CLANG_CXX_LANGUAGE_STANDARD = "gnu++20";
				CLANG_ENABLE_MODULES = YES;
				CLANG_ENABLE_OBJC_ARC = YES;
				CLANG_ENABLE_OBJC_WEAK = YES;
				CLANG_WARN_BLOCK_CAPTURE_AUTORELEASING = YES;
				CLANG_WARN_BOOL_CONVERSION = YES;
				CLANG_WARN_COMMA = YES;
				CLANG_WARN_CONSTANT_CONVERSION = YES;
				CLANG_WARN_DEPRECATED_OBJC_IMPLEMENTATIONS = YES;
				CLANG_WARN_DIRECT_OBJC_ISA_USAGE = YES_ERROR;
				CLANG_WARN_DOCUMENTATION_COMMENTS = YES;
				CLANG_WARN_EMPTY_BODY = YES;
				CLANG_WARN_ENUM_CONVERSION = YES;
				CLANG_WARN_INFINITE_RECURSION = YES;
				CLANG_WARN_INT_CONVERSION = YES;
				CLANG_WARN_NON_LITERAL_NULL_CONVERSION = YES;
				CLANG_WARN_OBJC_IMPLICIT_RETAIN_SELF = YES;
				CLANG_WARN_OBJC_LITERAL_CONVERSION = YES;
				CLANG_WARN_OBJC_ROOT_CLASS = YES_ERROR;
				CLANG_WARN_QUOTED_INCLUDE_IN_FRAMEWORK_HEADER = YES;
				CLANG_WARN_RANGE_LOOP_ANALYSIS = YES;
				CLANG_WARN_STRICT_PROTOTYPES = YES;
				CLANG_WARN_SUSPICIOUS_MOVE = YES;
				CLANG_WARN_UNGUARDED_AVAILABILITY = YES_AGGRESSIVE;
				CLANG_WARN_UNREACHABLE_CODE = YES;
				CLANG_WARN__DUPLICATE_METHOD_MATCH = YES;
				COPY_PHASE_STRIP = NO;
				DEBUG_INFORMATION_FORMAT = dwarf;
				ENABLE_STRICT_OBJC_MSGSEND = YES;
				ENABLE_TESTABILITY = YES;
				ENABLE_USER_SCRIPT_SANDBOXING = YES;
				GCC_C_LANGUAGE_STANDARD = gnu17;
				GCC_DYNAMIC_NO_PIC = NO;
				GCC_NO_COMMON_BLOCKS = YES;
				GCC_OPTIMIZATION_LEVEL = 0;
				GCC_PREPROCESSOR_DEFINITIONS = (
					"DEBUG=1",
					"$(inherited)",
				);
				GCC_WARN_64_TO_32_BIT_CONVERSION = YES;
				GCC_WARN_ABOUT_RETURN_TYPE = YES_ERROR;
				GCC_WARN_UNDECLARED_SELECTOR = YES;
				GCC_WARN_UNINITIALIZED_AUTOS = YES_AGGRESSIVE;
				GCC_WARN_UNUSED_FUNCTION = YES;
				GCC_WARN_UNUSED_VARIABLE = YES;
				IPHONEOS_DEPLOYMENT_TARGET = 17.4;
				LOCALIZATION_PREFERS_STRING_CATALOGS = YES;
				MTL_ENABLE_DEBUG_INFO = INCLUDE_SOURCE;
				MTL_FAST_MATH = YES;
				ONLY_ACTIVE_ARCH = YES;
				SDKROOT = iphoneos;
				SWIFT_ACTIVE_COMPILATION_CONDITIONS = "DEBUG $(inherited)";
				SWIFT_OPTIMIZATION_LEVEL = "-Onone";
			};
			name = Debug;
		};
		EB2B8F432BD2A5250024E485 /* Release */ = {
			isa = XCBuildConfiguration;
			buildSettings = {
				ALWAYS_SEARCH_USER_PATHS = NO;
				ASSETCATALOG_COMPILER_GENERATE_SWIFT_ASSET_SYMBOL_EXTENSIONS = YES;
				CLANG_ANALYZER_NONNULL = YES;
				CLANG_ANALYZER_NUMBER_OBJECT_CONVERSION = YES_AGGRESSIVE;
				CLANG_CXX_LANGUAGE_STANDARD = "gnu++20";
				CLANG_ENABLE_MODULES = YES;
				CLANG_ENABLE_OBJC_ARC = YES;
				CLANG_ENABLE_OBJC_WEAK = YES;
				CLANG_WARN_BLOCK_CAPTURE_AUTORELEASING = YES;
				CLANG_WARN_BOOL_CONVERSION = YES;
				CLANG_WARN_COMMA = YES;
				CLANG_WARN_CONSTANT_CONVERSION = YES;
				CLANG_WARN_DEPRECATED_OBJC_IMPLEMENTATIONS = YES;
				CLANG_WARN_DIRECT_OBJC_ISA_USAGE = YES_ERROR;
				CLANG_WARN_DOCUMENTATION_COMMENTS = YES;
				CLANG_WARN_EMPTY_BODY = YES;
				CLANG_WARN_ENUM_CONVERSION = YES;
				CLANG_WARN_INFINITE_RECURSION = YES;
				CLANG_WARN_INT_CONVERSION = YES;
				CLANG_WARN_NON_LITERAL_NULL_CONVERSION = YES;
				CLANG_WARN_OBJC_IMPLICIT_RETAIN_SELF = YES;
				CLANG_WARN_OBJC_LITERAL_CONVERSION = YES;
				CLANG_WARN_OBJC_ROOT_CLASS = YES_ERROR;
				CLANG_WARN_QUOTED_INCLUDE_IN_FRAMEWORK_HEADER = YES;
				CLANG_WARN_RANGE_LOOP_ANALYSIS = YES;
				CLANG_WARN_STRICT_PROTOTYPES = YES;
				CLANG_WARN_SUSPICIOUS_MOVE = YES;
				CLANG_WARN_UNGUARDED_AVAILABILITY = YES_AGGRESSIVE;
				CLANG_WARN_UNREACHABLE_CODE = YES;
				CLANG_WARN__DUPLICATE_METHOD_MATCH = YES;
				COPY_PHASE_STRIP = NO;
				DEBUG_INFORMATION_FORMAT = "dwarf-with-dsym";
				ENABLE_NS_ASSERTIONS = NO;
				ENABLE_STRICT_OBJC_MSGSEND = YES;
				ENABLE_USER_SCRIPT_SANDBOXING = YES;
				GCC_C_LANGUAGE_STANDARD = gnu17;
				GCC_NO_COMMON_BLOCKS = YES;
				GCC_WARN_64_TO_32_BIT_CONVERSION = YES;
				GCC_WARN_ABOUT_RETURN_TYPE = YES_ERROR;
				GCC_WARN_UNDECLARED_SELECTOR = YES;
				GCC_WARN_UNINITIALIZED_AUTOS = YES_AGGRESSIVE;
				GCC_WARN_UNUSED_FUNCTION = YES;
				GCC_WARN_UNUSED_VARIABLE = YES;
				IPHONEOS_DEPLOYMENT_TARGET = 17.4;
				LOCALIZATION_PREFERS_STRING_CATALOGS = YES;
				MTL_ENABLE_DEBUG_INFO = NO;
				MTL_FAST_MATH = YES;
				SDKROOT = iphoneos;
				SWIFT_COMPILATION_MODE = wholemodule;
				VALIDATE_PRODUCT = YES;
			};
			name = Release;
		};
		EB2B8F452BD2A5250024E485 /* Debug */ = {
			isa = XCBuildConfiguration;
			buildSettings = {
				ASSETCATALOG_COMPILER_APPICON_NAME = AppIcon;
				ASSETCATALOG_COMPILER_GLOBAL_ACCENT_COLOR_NAME = AccentColor;
				CODE_SIGN_STYLE = Automatic;
				CURRENT_PROJECT_VERSION = 1;
				DEVELOPMENT_TEAM = J2X5A4Y973;
				GENERATE_INFOPLIST_FILE = YES;
				INFOPLIST_FILE = "E-book/Info.plist";
				INFOPLIST_KEY_UIApplicationSupportsIndirectInputEvents = YES;
				INFOPLIST_KEY_UILaunchStoryboardName = LaunchScreen;
				INFOPLIST_KEY_UISupportedInterfaceOrientations = UIInterfaceOrientationPortrait;
				INFOPLIST_KEY_UISupportedInterfaceOrientations_iPad = "UIInterfaceOrientationLandscapeLeft UIInterfaceOrientationLandscapeRight UIInterfaceOrientationPortrait UIInterfaceOrientationPortraitUpsideDown";
				IPHONEOS_DEPLOYMENT_TARGET = 14.0;
				LD_RUNPATH_SEARCH_PATHS = (
					"$(inherited)",
					"@executable_path/Frameworks",
				);
				MARKETING_VERSION = 1.0;
				PRODUCT_BUNDLE_IDENTIFIER = "TestCompany.E-book";
				PRODUCT_NAME = "$(TARGET_NAME)";
				SUPPORTED_PLATFORMS = "iphoneos iphonesimulator";
				SUPPORTS_MACCATALYST = NO;
				SUPPORTS_MAC_DESIGNED_FOR_IPHONE_IPAD = NO;
				SUPPORTS_XR_DESIGNED_FOR_IPHONE_IPAD = NO;
				SWIFT_EMIT_LOC_STRINGS = YES;
				SWIFT_VERSION = 5.0;
				TARGETED_DEVICE_FAMILY = 1;
			};
			name = Debug;
		};
		EB2B8F462BD2A5250024E485 /* Release */ = {
			isa = XCBuildConfiguration;
			buildSettings = {
				ASSETCATALOG_COMPILER_APPICON_NAME = AppIcon;
				ASSETCATALOG_COMPILER_GLOBAL_ACCENT_COLOR_NAME = AccentColor;
				CODE_SIGN_STYLE = Automatic;
				CURRENT_PROJECT_VERSION = 1;
				DEVELOPMENT_TEAM = J2X5A4Y973;
				GENERATE_INFOPLIST_FILE = YES;
				INFOPLIST_FILE = "E-book/Info.plist";
				INFOPLIST_KEY_UIApplicationSupportsIndirectInputEvents = YES;
				INFOPLIST_KEY_UILaunchStoryboardName = LaunchScreen;
				INFOPLIST_KEY_UISupportedInterfaceOrientations = UIInterfaceOrientationPortrait;
				INFOPLIST_KEY_UISupportedInterfaceOrientations_iPad = "UIInterfaceOrientationLandscapeLeft UIInterfaceOrientationLandscapeRight UIInterfaceOrientationPortrait UIInterfaceOrientationPortraitUpsideDown";
				IPHONEOS_DEPLOYMENT_TARGET = 14.0;
				LD_RUNPATH_SEARCH_PATHS = (
					"$(inherited)",
					"@executable_path/Frameworks",
				);
				MARKETING_VERSION = 1.0;
				PRODUCT_BUNDLE_IDENTIFIER = "TestCompany.E-book";
				PRODUCT_NAME = "$(TARGET_NAME)";
				SUPPORTED_PLATFORMS = "iphoneos iphonesimulator";
				SUPPORTS_MACCATALYST = NO;
				SUPPORTS_MAC_DESIGNED_FOR_IPHONE_IPAD = NO;
				SUPPORTS_XR_DESIGNED_FOR_IPHONE_IPAD = NO;
				SWIFT_EMIT_LOC_STRINGS = YES;
				SWIFT_VERSION = 5.0;
				TARGETED_DEVICE_FAMILY = 1;
			};
			name = Release;
		};
/* End XCBuildConfiguration section */

/* Begin XCConfigurationList section */
		EB2B8F2B2BD2A5240024E485 /* Build configuration list for PBXProject "E-book" */ = {
			isa = XCConfigurationList;
			buildConfigurations = (
				EB2B8F422BD2A5250024E485 /* Debug */,
				EB2B8F432BD2A5250024E485 /* Release */,
			);
			defaultConfigurationIsVisible = 0;
			defaultConfigurationName = Release;
		};
		EB2B8F442BD2A5250024E485 /* Build configuration list for PBXNativeTarget "E-book" */ = {
			isa = XCConfigurationList;
			buildConfigurations = (
				EB2B8F452BD2A5250024E485 /* Debug */,
				EB2B8F462BD2A5250024E485 /* Release */,
			);
			defaultConfigurationIsVisible = 0;
			defaultConfigurationName = Release;
		};
/* End XCConfigurationList section */
	};
	rootObject = EB2B8F282BD2A5240024E485 /* Project object */;
}
